
Microsoft Visual Studio Solution File, Format Version 12.00
# Visual Studio Version 17
VisualStudioVersion = 17.1.32414.318
MinimumVisualStudioVersion = 10.0.40219.1
Project("{9A19103F-16F7-4668-BE54-9A1E7A4F7556}") = "BookSpot", "BookSpot\BookSpot.csproj", "{EC556701-1B61-4BCE-881E-D0139C364F24}"
EndProject
Global
	GlobalSection(SolutionConfigurationPlatforms) = preSolution
		Debug|Any CPU = Debug|Any CPU
		Release|Any CPU = Release|Any CPU
	EndGlobalSection
	GlobalSection(ProjectConfigurationPlatforms) = postSolution
		{EC556701-1B61-4BCE-881E-D0139C364F24}.Debug|Any CPU.ActiveCfg = Debug|Any CPU
		{EC556701-1B61-4BCE-881E-D0139C364F24}.Debug|Any CPU.Build.0 = Debug|Any CPU
		{EC556701-1B61-4BCE-881E-D0139C364F24}.Release|Any CPU.ActiveCfg = Release|Any CPU
		{EC556701-1B61-4BCE-881E-D0139C364F24}.Release|Any CPU.Build.0 = Release|Any CPU
	EndGlobalSection
	GlobalSection(SolutionProperties) = preSolution
		HideSolutionNode = FALSE
	EndGlobalSection
	GlobalSection(ExtensibilityGlobals) = postSolution
		SolutionGuid = {3AF0EA8E-5B56-41FD-BEEC-EC47981DD85B}
	EndGlobalSection
EndGlobal
